Microsoft Visual Studio Solution File, Format Version 12.00
# Visual Studio Version 17
VisualStudioVersion = 17.5.2.0
MinimumVisualStudioVersion = 10.0.40219.1
Project("{FAE04EC0-301F-11D3-BF4B-00C04F79EFBC}") = "ArmWrestlingApi", "backend-dotnet\ArmWrestlingApi.csproj", "{F295C3C7-18DD-9774-447B-77324626A631}"
EndProject
Global
	GlobalSection(SolutionConfigurationPlatforms) = preSolution
		Debug|Any CPU = Debug|Any CPU
		Release|Any CPU = Release|Any CPU
	EndGlobalSection
	GlobalSection(ProjectConfigurationPlatforms) = postSolution
		{F295C3C7-18DD-9774-447B-77324626A631}.Debug|Any CPU.ActiveCfg = Debug|Any CPU
		{F295C3C7-18DD-9774-447B-77324626A631}.Debug|Any CPU.Build.0 = Debug|Any CPU
		{F295C3C7-18DD-9774-447B-77324626A631}.Release|Any CPU.ActiveCfg = Release|Any CPU
		{F295C3C7-18DD-9774-447B-77324626A631}.Release|Any CPU.Build.0 = Release|Any CPU
	EndGlobalSection
	GlobalSection(SolutionProperties) = preSolution
		HideSolutionNode = FALSE
	EndGlobalSection
	GlobalSection(ExtensibilityGlobals) = postSolution
		SolutionGuid = {3EC742E6-C05C-46EF-A25C-01FD165C7D6D}
	EndGlobalSection
EndGlobal
